// !$*UTF8*$!
{
	archiveVersion = 1;
	classes = {
	};
	objectVersion = 48;
	objects = {

/* Begin PBXBuildFile section */
		C482384B201C9DE800007ADA /* AppDelegate.m in Sources */ = {isa = PBXBuildFile; fileRef = C482384A201C9DE800007ADA /* AppDelegate.m */; };
		C482384E201C9DE800007ADA /* ViewController.m in Sources */ = {isa = PBXBuildFile; fileRef = C482384D201C9DE800007ADA /* ViewController.m */; };
		C4823851201C9DE800007ADA /* Main.storyboard in Resources */ = {isa = PBXBuildFile; fileRef = C482384F201C9DE800007ADA /* Main.storyboard */; };
		C4823853201C9DE800007ADA /* Assets.xcassets in Resources */ = {isa = PBXBuildFile; fileRef = C4823852201C9DE800007ADA /* Assets.xcassets */; };
		C4823856201C9DE800007ADA /* LaunchScreen.storyboard in Resources */ = {isa = PBXBuildFile; fileRef = C4823854201C9DE800007ADA /* LaunchScreen.storyboard */; };
		C4823859201C9DE800007ADA /* main.m in Sources */ = {isa = PBXBuildFile; fileRef = C4823858201C9DE800007ADA /* main.m */; };
		C4823863201C9DE800007ADA /* MFCycleTests.m in Sources */ = {isa = PBXBuildFile; fileRef = C4823862201C9DE800007ADA /* MFCycleTests.m */; };
		C482386E201C9DE800007ADA /* MFCycleUITests.m in Sources */ = {isa = PBXBuildFile; fileRef = C482386D201C9DE800007ADA /* MFCycleUITests.m */; };
		C4823886201CAAA400007ADA /* BaseView.m in Sources */ = {isa = PBXBuildFile; fileRef = C4823885201CAAA400007ADA /* BaseView.m */; };
		C4823889201CAAB000007ADA /* AttachView.m in Sources */ = {isa = PBXBuildFile; fileRef = C4823888201CAAB000007ADA /* AttachView.m */; };
/* End PBXBuildFile section */

/* Begin PBXContainerItemProxy section */
		C482385F201C9DE800007ADA /* PBXContainerItemProxy */ = {
			isa = PBXContainerItemProxy;
			containerPortal = C482383E201C9DE800007ADA /* Project object */;
			proxyType = 1;
			remoteGlobalIDString = C4823845201C9DE800007ADA;
			remoteInfo = MFCycle;
		};
		C482386A201C9DE800007ADA /* PBXContainerItemProxy */ = {
			isa = PBXContainerItemProxy;
			containerPortal = C482383E201C9DE800007ADA /* Project object */;
			proxyType = 1;
			remoteGlobalIDString = C4823845201C9DE800007ADA;
			remoteInfo = MFCycle;
		};
/* End PBXContainerItemProxy section */

/* Begin PBXFileReference section */
		C4823846201C9DE800007ADA /* MFCycle.app */ = {isa = PBXFileReference; explicitFileType = wrapper.application; includeInIndex = 0; path = MFCycle.app; sourceTree = BUILT_PRODUCTS_DIR; };
		C4823849201C9DE800007ADA /* AppDelegate.h */ = {isa = PBXFileReference; lastKnownFileType = sourcecode.c.h; path = AppDelegate.h; sourceTree = "<group>"; };
		C482384A201C9DE800007ADA /* AppDelegate.m */ = {isa = PBXFileReference; lastKnownFileType = sourcecode.c.objc; path = AppDelegate.m; sourceTree = "<group>"; };
		C482384C201C9DE800007ADA /* ViewController.h */ = {isa = PBXFileReference; lastKnownFileType = sourcecode.c.h; path = ViewController.h; sourceTree = "<group>"; };
		C482384D201C9DE800007ADA /* ViewController.m */ = {isa = PBXFileReference; lastKnownFileType = sourcecode.c.objc; path = ViewController.m; sourceTree = "<group>"; };
		C4823850201C9DE800007ADA /* Base */ = {isa = PBXFileReference; lastKnownFileType = file.storyboard; name = Base; path = Base.lproj/Main.storyboard; sourceTree = "<group>"; };
		C4823852201C9DE800007ADA /* Assets.xcassets */ = {isa = PBXFileReference; lastKnownFileType = folder.assetcatalog; path = Assets.xcassets; sourceTree = "<group>"; };
		C4823855201C9DE800007ADA /* Base */ = {isa = PBXFileReference; lastKnownFileType = file.storyboard; name = Base; path = Base.lproj/LaunchScreen.storyboard; sourceTree = "<group>"; };
		C4823857201C9DE800007ADA /* Info.plist */ = {isa = PBXFileReference; lastKnownFileType = text.plist.xml; path = Info.plist; sourceTree = "<group>"; };
		C4823858201C9DE800007ADA /* main.m */ = {isa = PBXFileReference; lastKnownFileType = sourcecode.c.objc; path = main.m; sourceTree = "<group>"; };
		C482385E201C9DE800007ADA /* MFCycleTests.xctest */ = {isa = PBXFileReference; explicitFileType = wrapper.cfbundle; includeInIndex = 0; path = MFCycleTests.xctest; sourceTree = BUILT_PRODUCTS_DIR; };
		C4823862201C9DE800007ADA /* MFCycleTests.m */ = {isa = PBXFileReference; lastKnownFileType = sourcecode.c.objc; path = MFCycleTests.m; sourceTree = "<group>"; };
		C4823864201C9DE800007ADA /* Info.plist */ = {isa = PBXFileReference; lastKnownFileType = text.plist.xml; path = Info.plist; sourceTree = "<group>"; };
		C4823869201C9DE800007ADA /* MFCycleUITests.xctest */ = {isa = PBXFileReference; explicitFileType = wrapper.cfbundle; includeInIndex = 0; path = MFCycleUITests.xctest; sourceTree = BUILT_PRODUCTS_DIR; };
		C482386D201C9DE800007ADA /* MFCycleUITests.m */ = {isa = PBXFileReference; lastKnownFileType = sourcecode.c.objc; path = MFCycleUITests.m; sourceTree = "<group>"; };
		C482386F201C9DE800007ADA /* Info.plist */ = {isa = PBXFileReference; lastKnownFileType = text.plist.xml; path = Info.plist; sourceTree = "<group>"; };
		C4823884201CAAA400007ADA /* BaseView.h */ = {isa = PBXFileReference; lastKnownFileType = sourcecode.c.h; path = BaseView.h; sourceTree = "<group>"; };
		C4823885201CAAA400007ADA /* BaseView.m */ = {isa = PBXFileReference; lastKnownFileType = sourcecode.c.objc; path = BaseView.m; sourceTree = "<group>"; };
		C4823887201CAAB000007ADA /* AttachView.h */ = {isa = PBXFileReference; lastKnownFileType = sourcecode.c.h; path = AttachView.h; sourceTree = "<group>"; };
		C4823888201CAAB000007ADA /* AttachView.m */ = {isa = PBXFileReference; lastKnownFileType = sourcecode.c.objc; path = AttachView.m; sourceTree = "<group>"; };
/* End PBXFileReference section */

/* Begin PBXFrameworksBuildPhase section */
		C4823843201C9DE800007ADA /* Frameworks */ = {
			isa = PBXFrameworksBuildPhase;
			buildActionMask = 2147483647;
			files = (
			);
			runOnlyForDeploymentPostprocessing = 0;
		};
		C482385B201C9DE800007ADA /* Frameworks */ = {
			isa = PBXFrameworksBuildPhase;
			buildActionMask = 2147483647;
			files = (
			);
			runOnlyForDeploymentPostprocessing = 0;
		};
		C4823866201C9DE800007ADA /* Frameworks */ = {
			isa = PBXFrameworksBuildPhase;
			buildActionMask = 2147483647;
			files = (
			);
			runOnlyForDeploymentPostprocessing = 0;
		};
/* End PBXFrameworksBuildPhase section */

/* Begin PBXGroup section */
		C482383D201C9DE800007ADA = {
			isa = PBXGroup;
			children = (
				C4823848201C9DE800007ADA /* MFCycle */,
				C4823861201C9DE800007ADA /* MFCycleTests */,
				C482386C201C9DE800007ADA /* MFCycleUITests */,
				C4823847201C9DE800007ADA /* Products */,
			);
			sourceTree = "<group>";
		};
		C4823847201C9DE800007ADA /* Products */ = {
			isa = PBXGroup;
			children = (
				C4823846201C9DE800007ADA /* MFCycle.app */,
				C482385E201C9DE800007ADA /* MFCycleTests.xctest */,
				C4823869201C9DE800007ADA /* MFCycleUITests.xctest */,
			);
			name = Products;
			sourceTree = "<group>";
		};
		C4823848201C9DE800007ADA /* MFCycle */ = {
			isa = PBXGroup;
			children = (
				C4823849201C9DE800007ADA /* AppDelegate.h */,
				C482384A201C9DE800007ADA /* AppDelegate.m */,
				C482384C201C9DE800007ADA /* ViewController.h */,
				C482384D201C9DE800007ADA /* ViewController.m */,
				C4823884201CAAA400007ADA /* BaseView.h */,
				C4823885201CAAA400007ADA /* BaseView.m */,
				C4823887201CAAB000007ADA /* AttachView.h */,
				C4823888201CAAB000007ADA /* AttachView.m */,
				C482384F201C9DE800007ADA /* Main.storyboard */,
				C4823852201C9DE800007ADA /* Assets.xcassets */,
				C4823854201C9DE800007ADA /* LaunchScreen.storyboard */,
				C4823857201C9DE800007ADA /* Info.plist */,
				C4823858201C9DE800007ADA /* main.m */,
			);
			path = MFCycle;
			sourceTree = "<group>";
		};
		C4823861201C9DE800007ADA /* MFCycleTests */ = {
			isa = PBXGroup;
			children = (
				C4823862201C9DE800007ADA /* MFCycleTests.m */,
				C4823864201C9DE800007ADA /* Info.plist */,
			);
			path = MFCycleTests;
			sourceTree = "<group>";
		};
		C482386C201C9DE800007ADA /* MFCycleUITests */ = {
			isa = PBXGroup;
			children = (
				C482386D201C9DE800007ADA /* MFCycleUITests.m */,
				C482386F201C9DE800007ADA /* Info.plist */,
			);
			path = MFCycleUITests;
			sourceTree = "<group>";
		};
/* End PBXGroup section */

/* Begin PBXNativeTarget section */
		C4823845201C9DE800007ADA /* MFCycle */ = {
			isa = PBXNativeTarget;
			buildConfigurationList = C4823872201C9DE800007ADA /* Build configuration list for PBXNativeTarget "MFCycle" */;
			buildPhases = (
				C4823842201C9DE800007ADA /* Sources */,
				C4823843201C9DE800007ADA /* Frameworks */,
				C4823844201C9DE800007ADA /* Resources */,
			);
			buildRules = (
			);
			dependencies = (
			);
			name = MFCycle;
			productName = MFCycle;
			productReference = C4823846201C9DE800007ADA /* MFCycle.app */;
			productType = "com.apple.product-type.application";
		};
		C482385D201C9DE800007ADA /* MFCycleTests */ = {
			isa = PBXNativeTarget;
			buildConfigurationList = C4823875201C9DE800007ADA /* Build configuration list for PBXNativeTarget "MFCycleTests" */;
			buildPhases = (
				C482385A201C9DE800007ADA /* Sources */,
				C482385B201C9DE800007ADA /* Frameworks */,
				C482385C201C9DE800007ADA /* Resources */,
			);
			buildRules = (
			);
			dependencies = (
				C4823860201C9DE800007ADA /* PBXTargetDependency */,
			);
			name = MFCycleTests;
			productName = MFCycleTests;
			productReference = C482385E201C9DE800007ADA /* MFCycleTests.xctest */;
			productType = "com.apple.product-type.bundle.unit-test";
		};
		C4823868201C9DE800007ADA /* MFCycleUITests */ = {
			isa = PBXNativeTarget;
			buildConfigurationList = C4823878201C9DE800007ADA /* Build configuration list for PBXNativeTarget "MFCycleUITests" */;
			buildPhases = (
				C4823865201C9DE800007ADA /* Sources */,
				C4823866201C9DE800007ADA /* Frameworks */,
				C4823867201C9DE800007ADA /* Resources */,
			);
			buildRules = (
			);
			dependencies = (
				C482386B201C9DE800007ADA /* PBXTargetDependency */,
			);
			name = MFCycleUITests;
			productName = MFCycleUITests;
			productReference = C4823869201C9DE800007ADA /* MFCycleUITests.xctest */;
			productType = "com.apple.product-type.bundle.ui-testing";
		};
/* End PBXNativeTarget section */

/* Begin PBXProject section */
		C482383E201C9DE800007ADA /* Project object */ = {
			isa = PBXProject;
			attributes = {
				LastUpgradeCheck = 0910;
				ORGANIZATIONNAME = terminus;
				TargetAttributes = {
					C4823845201C9DE800007ADA = {
						CreatedOnToolsVersion = 9.1;
						ProvisioningStyle = Automatic;
					};
					C482385D201C9DE800007ADA = {
						CreatedOnToolsVersion = 9.1;
						ProvisioningStyle = Automatic;
						TestTargetID = C4823845201C9DE800007ADA;
					};
					C4823868201C9DE800007ADA = {
						CreatedOnToolsVersion = 9.1;
						ProvisioningStyle = Automatic;
						TestTargetID = C4823845201C9DE800007ADA;
					};
				};
			};
			buildConfigurationList = C4823841201C9DE800007ADA /* Build configuration list for PBXProject "MFCycle" */;
			compatibilityVersion = "Xcode 8.0";
			developmentRegion = en;
			hasScannedForEncodings = 0;
			knownRegions = (
				en,
				Base,
			);
			mainGroup = C482383D201C9DE800007ADA;
			productRefGroup = C4823847201C9DE800007ADA /* Products */;
			projectDirPath = "";
			projectRoot = "";
			targets = (
				C4823845201C9DE800007ADA /* MFCycle */,
				C482385D201C9DE800007ADA /* MFCycleTests */,
				C4823868201C9DE800007ADA /* MFCycleUITests */,
			);
		};
/* End PBXProject section */

/* Begin PBXResourcesBuildPhase section */
		C4823844201C9DE800007ADA /* Resources */ = {
			isa = PBXResourcesBuildPhase;
			buildActionMask = 2147483647;
			files = (
				C4823856201C9DE800007ADA /* LaunchScreen.storyboard in Resources */,
				C4823853201C9DE800007ADA /* Assets.xcassets in Resources */,
				C4823851201C9DE800007ADA /* Main.storyboard in Resources */,
			);
			runOnlyForDeploymentPostprocessing = 0;
		};
		C482385C201C9DE800007ADA /* Resources */ = {
			isa = PBXResourcesBuildPhase;
			buildActionMask = 2147483647;
			files = (
			);
			runOnlyForDeploymentPostprocessing = 0;
		};
		C4823867201C9DE800007ADA /* Resources */ = {
			isa = PBXResourcesBuildPhase;
			buildActionMask = 2147483647;
			files = (
			);
			runOnlyForDeploymentPostprocessing = 0;
		};
/* End PBXResourcesBuildPhase section */

/* Begin PBXSourcesBuildPhase section */
		C4823842201C9DE800007ADA /* Sources */ = {
			isa = PBXSourcesBuildPhase;
			buildActionMask = 2147483647;
			files = (
				C482384E201C9DE800007ADA /* ViewController.m in Sources */,
				C4823859201C9DE800007ADA /* main.m in Sources */,
				C482384B201C9DE800007ADA /* AppDelegate.m in Sources */,
				C4823886201CAAA400007ADA /* BaseView.m in Sources */,
				C4823889201CAAB000007ADA /* AttachView.m in Sources */,
			);
			runOnlyForDeploymentPostprocessing = 0;
		};
		C482385A201C9DE800007ADA /* Sources */ = {
			isa = PBXSourcesBuildPhase;
			buildActionMask = 2147483647;
			files = (
				C4823863201C9DE800007ADA /* MFCycleTests.m in Sources */,
			);
			runOnlyForDeploymentPostprocessing = 0;
		};
		C4823865201C9DE800007ADA /* Sources */ = {
			isa = PBXSourcesBuildPhase;
			buildActionMask = 2147483647;
			files = (
				C482386E201C9DE800007ADA /* MFCycleUITests.m in Sources */,
			);
			runOnlyForDeploymentPostprocessing = 0;
		};
/* End PBXSourcesBuildPhase section */

/* Begin PBXTargetDependency section */
		C4823860201C9DE800007ADA /* PBXTargetDependency */ = {
			isa = PBXTargetDependency;
			target = C4823845201C9DE800007ADA /* MFCycle */;
			targetProxy = C482385F201C9DE800007ADA /* PBXContainerItemProxy */;
		};
		C482386B201C9DE800007ADA /* PBXTargetDependency */ = {
			isa = PBXTargetDependency;
			target = C4823845201C9DE800007ADA /* MFCycle */;
			targetProxy = C482386A201C9DE800007ADA /* PBXContainerItemProxy */;
		};
/* End PBXTargetDependency section */

/* Begin PBXVariantGroup section */
		C482384F201C9DE800007ADA /* Main.storyboard */ = {
			isa = PBXVariantGroup;
			children = (
				C4823850201C9DE800007ADA /* Base */,
			);
			name = Main.storyboard;
			sourceTree = "<group>";
		};
		C4823854201C9DE800007ADA /* LaunchScreen.storyboard */ = {
			isa = PBXVariantGroup;
			children = (
				C4823855201C9DE800007ADA /* Base */,
			);
			name = LaunchScreen.storyboard;
			sourceTree = "<group>";
		};
/* End PBXVariantGroup section */

/* Begin XCBuildConfiguration section */
		C4823870201C9DE800007ADA /* Debug */ = {
			isa = XCBuildConfiguration;
			buildSettings = {
				ALWAYS_SEARCH_USER_PATHS = NO;
				CLANG_ANALYZER_NONNULL = YES;
				CLANG_ANALYZER_NUMBER_OBJECT_CONVERSION = YES_AGGRESSIVE;
				CLANG_CXX_LANGUAGE_STANDARD = "gnu++14";
				CLANG_CXX_LIBRARY = "libc++";
				CLANG_ENABLE_MODULES = YES;
				CLANG_ENABLE_OBJC_ARC = YES;
				CLANG_WARN_BLOCK_CAPTURE_AUTORELEASING = YES;
				CLANG_WARN_BOOL_CONVERSION = YES;
				CLANG_WARN_COMMA = YES;
				CLANG_WARN_CONSTANT_CONVERSION = YES;
				CLANG_WARN_DIRECT_OBJC_ISA_USAGE = YES_ERROR;
				CLANG_WARN_DOCUMENTATION_COMMENTS = YES;
				CLANG_WARN_EMPTY_BODY = YES;
				CLANG_WARN_ENUM_CONVERSION = YES;
				CLANG_WARN_INFINITE_RECURSION = YES;
				CLANG_WARN_INT_CONVERSION = YES;
				CLANG_WARN_NON_LITERAL_NULL_CONVERSION = YES;
				CLANG_WARN_OBJC_LITERAL_CONVERSION = YES;
				CLANG_WARN_OBJC_ROOT_CLASS = YES_ERROR;
				CLANG_WARN_RANGE_LOOP_ANALYSIS = YES;
				CLANG_WARN_STRICT_PROTOTYPES = YES;
				CLANG_WARN_SUSPICIOUS_MOVE = YES;
				CLANG_WARN_UNGUARDED_AVAILABILITY = YES_AGGRESSIVE;
				CLANG_WARN_UNREACHABLE_CODE = YES;
				CLANG_WARN__DUPLICATE_METHOD_MATCH = YES;
				CODE_SIGN_IDENTITY = "iPhone Developer";
				COPY_PHASE_STRIP = NO;
				DEBUG_INFORMATION_FORMAT = dwarf;
				ENABLE_STRICT_OBJC_MSGSEND = YES;
				ENABLE_TESTABILITY = YES;
				GCC_C_LANGUAGE_STANDARD = gnu11;
				GCC_DYNAMIC_NO_PIC = NO;
				GCC_NO_COMMON_BLOCKS = YES;
				GCC_OPTIMIZATION_LEVEL = 0;
				GCC_PREPROCESSOR_DEFINITIONS = (
					"DEBUG=1",
					"$(inherited)",
				);
				GCC_WARN_64_TO_32_BIT_CONVERSION = YES;
				GCC_WARN_ABOUT_RETURN_TYPE = YES_ERROR;
				GCC_WARN_UNDECLARED_SELECTOR = YES;
				GCC_WARN_UNINITIALIZED_AUTOS = YES_AGGRESSIVE;
				GCC_WARN_UNUSED_FUNCTION = YES;
				GCC_WARN_UNUSED_VARIABLE = YES;
				IPHONEOS_DEPLOYMENT_TARGET = 11.1;
				MTL_ENABLE_DEBUG_INFO = YES;
				ONLY_ACTIVE_ARCH = YES;
				SDKROOT = iphoneos;
			};
			name = Debug;
		};
		C4823871201C9DE800007ADA /* Release */ = {
			isa = XCBuildConfiguration;
			buildSettings = {
				ALWAYS_SEARCH_USER_PATHS = NO;
				CLANG_ANALYZER_NONNULL = YES;
				CLANG_ANALYZER_NUMBER_OBJECT_CONVERSION = YES_AGGRESSIVE;
				CLANG_CXX_LANGUAGE_STANDARD = "gnu++14";
				CLANG_CXX_LIBRARY = "libc++";
				CLANG_ENABLE_MODULES = YES;
				CLANG_ENABLE_OBJC_ARC = YES;
				CLANG_WARN_BLOCK_CAPTURE_AUTORELEASING = YES;
				CLANG_WARN_BOOL_CONVERSION = YES;
				CLANG_WARN_COMMA = YES;
				CLANG_WARN_CONSTANT_CONVERSION = YES;
				CLANG_WARN_DIRECT_OBJC_ISA_USAGE = YES_ERROR;
				CLANG_WARN_DOCUMENTATION_COMMENTS = YES;
				CLANG_WARN_EMPTY_BODY = YES;
				CLANG_WARN_ENUM_CONVERSION = YES;
				CLANG_WARN_INFINITE_RECURSION = YES;
				CLANG_WARN_INT_CONVERSION = YES;
				CLANG_WARN_NON_LITERAL_NULL_CONVERSION = YES;
				CLANG_WARN_OBJC_LITERAL_CONVERSION = YES;
				CLANG_WARN_OBJC_ROOT_CLASS = YES_ERROR;
				CLANG_WARN_RANGE_LOOP_ANALYSIS = YES;
				CLANG_WARN_STRICT_PROTOTYPES = YES;
				CLANG_WARN_SUSPICIOUS_MOVE = YES;
				CLANG_WARN_UNGUARDED_AVAILABILITY = YES_AGGRESSIVE;
				CLANG_WARN_UNREACHABLE_CODE = YES;
				CLANG_WARN__DUPLICATE_METHOD_MATCH = YES;
				CODE_SIGN_IDENTITY = "iPhone Developer";
				COPY_PHASE_STRIP = NO;
				DEBUG_INFORMATION_FORMAT = "dwarf-with-dsym";
				ENABLE_NS_ASSERTIONS = NO;
				ENABLE_STRICT_OBJC_MSGSEND = YES;
				GCC_C_LANGUAGE_STANDARD = gnu11;
				GCC_NO_COMMON_BLOCKS = YES;
				GCC_WARN_64_TO_32_BIT_CONVERSION = YES;
				GCC_WARN_ABOUT_RETURN_TYPE = YES_ERROR;
				GCC_WARN_UNDECLARED_SELECTOR = YES;
				GCC_WARN_UNINITIALIZED_AUTOS = YES_AGGRESSIVE;
				GCC_WARN_UNUSED_FUNCTION = YES;
				GCC_WARN_UNUSED_VARIABLE = YES;
				IPHONEOS_DEPLOYMENT_TARGET = 11.1;
				MTL_ENABLE_DEBUG_INFO = NO;
				SDKROOT = iphoneos;
				VALIDATE_PRODUCT = YES;
			};
			name = Release;
		};
		C4823873201C9DE800007ADA /* Debug */ = {
			isa = XCBuildConfiguration;
			buildSettings = {
				ASSETCATALOG_COMPILER_APPICON_NAME = AppIcon;
				CODE_SIGN_STYLE = Automatic;
				DEVELOPMENT_TEAM = WB6Z5D8AL8;
				INFOPLIST_FILE = MFCycle/Info.plist;
				LD_RUNPATH_SEARCH_PATHS = "$(inherited) @executable_path/Frameworks";
				PRODUCT_BUNDLE_IDENTIFIER = terminus.MFCycle;
				PRODUCT_NAME = "$(TARGET_NAME)";
				TARGETED_DEVICE_FAMILY = "1,2";
			};
			name = Debug;
		};
		C4823874201C9DE800007ADA /* Release */ = {
			isa = XCBuildConfiguration;
			buildSettings = {
				ASSETCATALOG_COMPILER_APPICON_NAME = AppIcon;
				CODE_SIGN_STYLE = Automatic;
				DEVELOPMENT_TEAM = WB6Z5D8AL8;
				INFOPLIST_FILE = MFCycle/Info.plist;
				LD_RUNPATH_SEARCH_PATHS = "$(inherited) @executable_path/Frameworks";
				PRODUCT_BUNDLE_IDENTIFIER = terminus.MFCycle;
				PRODUCT_NAME = "$(TARGET_NAME)";
				TARGETED_DEVICE_FAMILY = "1,2";
			};
			name = Release;
		};
		C4823876201C9DE800007ADA /* Debug */ = {
			isa = XCBuildConfiguration;
			buildSettings = {
				BUNDLE_LOADER = "$(TEST_HOST)";
				CODE_SIGN_STYLE = Automatic;
				DEVELOPMENT_TEAM = WB6Z5D8AL8;
				INFOPLIST_FILE = MFCycleTests/Info.plist;
				LD_RUNPATH_SEARCH_PATHS = "$(inherited) @executable_path/Frameworks @loader_path/Frameworks";
				PRODUCT_BUNDLE_IDENTIFIER = terminus.MFCycleTests;
				PRODUCT_NAME = "$(TARGET_NAME)";
				TARGETED_DEVICE_FAMILY = "1,2";
				TEST_HOST = "$(BUILT_PRODUCTS_DIR)/MFCycle.app/MFCycle";
			};
			name = Debug;
		};
		C4823877201C9DE800007ADA /* Release */ = {
			isa = XCBuildConfiguration;
			buildSettings = {
				BUNDLE_LOADER = "$(TEST_HOST)";
				CODE_SIGN_STYLE = Automatic;
				DEVELOPMENT_TEAM = WB6Z5D8AL8;
				INFOPLIST_FILE = MFCycleTests/Info.plist;
				LD_RUNPATH_SEARCH_PATHS = "$(inherited) @executable_path/Frameworks @loader_path/Frameworks";
				PRODUCT_BUNDLE_IDENTIFIER = terminus.MFCycleTests;
				PRODUCT_NAME = "$(TARGET_NAME)";
				TARGETED_DEVICE_FAMILY = "1,2";
				TEST_HOST = "$(BUILT_PRODUCTS_DIR)/MFCycle.app/MFCycle";
			};
			name = Release;
		};
		C4823879201C9DE800007ADA /* Debug */ = {
			isa = XCBuildConfiguration;
			buildSettings = {
				CODE_SIGN_STYLE = Automatic;
				DEVELOPMENT_TEAM = WB6Z5D8AL8;
				INFOPLIST_FILE = MFCycleUITests/Info.plist;
				LD_RUNPATH_SEARCH_PATHS = "$(inherited) @executable_path/Frameworks @loader_path/Frameworks";
				PRODUCT_BUNDLE_IDENTIFIER = terminus.MFCycleUITests;
				PRODUCT_NAME = "$(TARGET_NAME)";
				TARGETED_DEVICE_FAMILY = "1,2";
				TEST_TARGET_NAME = MFCycle;
			};
			name = Debug;
		};
		C482387A201C9DE800007ADA /* Release */ = {
			isa = XCBuildConfiguration;
			buildSettings = {
				CODE_SIGN_STYLE = Automatic;
				DEVELOPMENT_TEAM = WB6Z5D8AL8;
				INFOPLIST_FILE = MFCycleUITests/Info.plist;
				LD_RUNPATH_SEARCH_PATHS = "$(inherited) @executable_path/Frameworks @loader_path/Frameworks";
				PRODUCT_BUNDLE_IDENTIFIER = terminus.MFCycleUITests;
				PRODUCT_NAME = "$(TARGET_NAME)";
				TARGETED_DEVICE_FAMILY = "1,2";
				TEST_TARGET_NAME = MFCycle;
			};
			name = Release;
		};
/* End XCBuildConfiguration section */

/* Begin XCConfigurationList section */
		C4823841201C9DE800007ADA /* Build configuration list for PBXProject "MFCycle" */ = {
			isa = XCConfigurationList;
			buildConfigurations = (
				C4823870201C9DE800007ADA /* Debug */,
				C4823871201C9DE800007ADA /* Release */,
			);
			defaultConfigurationIsVisible = 0;
			defaultConfigurationName = Release;
		};
		C4823872201C9DE800007ADA /* Build configuration list for PBXNativeTarget "MFCycle" */ = {
			isa = XCConfigurationList;
			buildConfigurations = (
				C4823873201C9DE800007ADA /* Debug */,
				C4823874201C9DE800007ADA /* Release */,
			);
			defaultConfigurationIsVisible = 0;
			defaultConfigurationName = Release;
		};
		C4823875201C9DE800007ADA /* Build configuration list for PBXNativeTarget "MFCycleTests" */ = {
			isa = XCConfigurationList;
			buildConfigurations = (
				C4823876201C9DE800007ADA /* Debug */,
				C4823877201C9DE800007ADA /* Release */,
			);
			defaultConfigurationIsVisible = 0;
			defaultConfigurationName = Release;
		};
		C4823878201C9DE800007ADA /* Build configuration list for PBXNativeTarget "MFCycleUITests" */ = {
			isa = XCConfigurationList;
			buildConfigurations = (
				C4823879201C9DE800007ADA /* Debug */,
				C482387A201C9DE800007ADA /* Release */,
			);
			defaultConfigurationIsVisible = 0;
			defaultConfigurationName = Release;
		};
/* End XCConfigurationList section */
	};
	rootObject = C482383E201C9DE800007ADA /* Project object */;
}
